
Microsoft Visual Studio Solution File, Format Version 12.00
# Visual Studio Version 16
VisualStudioVersion = 16.0.31727.386
MinimumVisualStudioVersion = 10.0.40219.1
Project("{FAE04EC0-301F-11D3-BF4B-00C04F79EFBC}") = "DJAmlin", "DJAmlin\DJAmlin.csproj", "{C60C8A86-1861-4F50-A2C7-60CD5FED65E5}"
EndProject
Project("{FAE04EC0-301F-11D3-BF4B-00C04F79EFBC}") = "DJAmlinUnitTest", "DJAmlinUnitTest\DJAmlinUnitTest.csproj", "{442C79B1-41CE-40E7-83FC-1AAFF74BE4AD}"
EndProject
Project("{FAE04EC0-301F-11D3-BF4B-00C04F79EFBC}") = "DRNJ.LoggerExtensions", "DRNJ.LoggerExtensions\DRNJ.LoggerExtensions.csproj", "{8208A98C-B144-4C10-BC78-6C4AF8F67B9B}"
EndProject
Project("{2150E333-8FDC-42A3-9474-1A3956D46DE8}") = "Solution Items", "Solution Items", "{965B8FBD-972F-4964-B169-770DD63E07A8}"
	ProjectSection(SolutionItems) = preProject
		README.txt = README.txt
	EndProjectSection
EndProject
Global
	GlobalSection(SolutionConfigurationPlatforms) = preSolution
		Debug|Any CPU = Debug|Any CPU
		Release|Any CPU = Release|Any CPU
	EndGlobalSection
	GlobalSection(ProjectConfigurationPlatforms) = postSolution
		{C60C8A86-1861-4F50-A2C7-60CD5FED65E5}.Debug|Any CPU.ActiveCfg = Debug|Any CPU
		{C60C8A86-1861-4F50-A2C7-60CD5FED65E5}.Debug|Any CPU.Build.0 = Debug|Any CPU
		{C60C8A86-1861-4F50-A2C7-60CD5FED65E5}.Release|Any CPU.ActiveCfg = Release|Any CPU
		{C60C8A86-1861-4F50-A2C7-60CD5FED65E5}.Release|Any CPU.Build.0 = Release|Any CPU
		{442C79B1-41CE-40E7-83FC-1AAFF74BE4AD}.Debug|Any CPU.ActiveCfg = Debug|Any CPU
		{442C79B1-41CE-40E7-83FC-1AAFF74BE4AD}.Debug|Any CPU.Build.0 = Debug|Any CPU
		{442C79B1-41CE-40E7-83FC-1AAFF74BE4AD}.Release|Any CPU.ActiveCfg = Release|Any CPU
		{442C79B1-41CE-40E7-83FC-1AAFF74BE4AD}.Release|Any CPU.Build.0 = Release|Any CPU
		{8208A98C-B144-4C10-BC78-6C4AF8F67B9B}.Debug|Any CPU.ActiveCfg = Debug|Any CPU
		{8208A98C-B144-4C10-BC78-6C4AF8F67B9B}.Debug|Any CPU.Build.0 = Debug|Any CPU
		{8208A98C-B144-4C10-BC78-6C4AF8F67B9B}.Release|Any CPU.ActiveCfg = Release|Any CPU
		{8208A98C-B144-4C10-BC78-6C4AF8F67B9B}.Release|Any CPU.Build.0 = Release|Any CPU
	EndGlobalSection
	GlobalSection(SolutionProperties) = preSolution
		HideSolutionNode = FALSE
	EndGlobalSection
	GlobalSection(ExtensibilityGlobals) = postSolution
		SolutionGuid = {1A7966B6-3E85-4B17-ABC3-592507DED8FB}
	EndGlobalSection
EndGlobal
